
Microsoft Visual Studio Solution File, Format Version 12.00
# Visual Studio 2017
Project("{FAE04EC0-301F-11D3-BF4B-00C04F79EFBC}") = "GreenAppleGameV3.Plugins", "GreenAppleGameV3.Plugins.csproj", "{2E3AE229-83FA-EF74-8159-413E850BECDF}"
EndProject
Project("{FAE04EC0-301F-11D3-BF4B-00C04F79EFBC}") = "GreenAppleGameV3", "GreenAppleGameV3.csproj", "{98AA2299-C8CB-9D15-A38C-3D350E82375B}"
EndProject
Project("{FAE04EC0-301F-11D3-BF4B-00C04F79EFBC}") = "GreenAppleGameV3.Editor", "GreenAppleGameV3.Editor.csproj", "{2AA9A515-97D8-95AD-4BB2-B7CB2D69CA71}"
EndProject
Project("{FAE04EC0-301F-11D3-BF4B-00C04F79EFBC}") = "GreenAppleGameV3.Editor.Plugins", "GreenAppleGameV3.Editor.Plugins.csproj", "{D21EFA6F-0DA2-7AB1-A091-D6281C239B6E}"
EndProject
Global
	GlobalSection(SolutionConfigurationPlatforms) = preSolution
		Debug|Any CPU = Debug|Any CPU
		Release|Any CPU = Release|Any CPU
	EndGlobalSection
	GlobalSection(ProjectConfigurationPlatforms) = postSolution
		{2E3AE229-83FA-EF74-8159-413E850BECDF}.Debug|Any CPU.ActiveCfg = Debug|Any CPU
		{2E3AE229-83FA-EF74-8159-413E850BECDF}.Debug|Any CPU.Build.0 = Debug|Any CPU
		{2E3AE229-83FA-EF74-8159-413E850BECDF}.Release|Any CPU.ActiveCfg = Release|Any CPU
		{2E3AE229-83FA-EF74-8159-413E850BECDF}.Release|Any CPU.Build.0 = Release|Any CPU
		{98AA2299-C8CB-9D15-A38C-3D350E82375B}.Debug|Any CPU.ActiveCfg = Debug|Any CPU
		{98AA2299-C8CB-9D15-A38C-3D350E82375B}.Debug|Any CPU.Build.0 = Debug|Any CPU
		{98AA2299-C8CB-9D15-A38C-3D350E82375B}.Release|Any CPU.ActiveCfg = Release|Any CPU
		{98AA2299-C8CB-9D15-A38C-3D350E82375B}.Release|Any CPU.Build.0 = Release|Any CPU
		{2AA9A515-97D8-95AD-4BB2-B7CB2D69CA71}.Debug|Any CPU.ActiveCfg = Debug|Any CPU
		{2AA9A515-97D8-95AD-4BB2-B7CB2D69CA71}.Debug|Any CPU.Build.0 = Debug|Any CPU
		{2AA9A515-97D8-95AD-4BB2-B7CB2D69CA71}.Release|Any CPU.ActiveCfg = Release|Any CPU
		{2AA9A515-97D8-95AD-4BB2-B7CB2D69CA71}.Release|Any CPU.Build.0 = Release|Any CPU
		{D21EFA6F-0DA2-7AB1-A091-D6281C239B6E}.Debug|Any CPU.ActiveCfg = Debug|Any CPU
		{D21EFA6F-0DA2-7AB1-A091-D6281C239B6E}.Debug|Any CPU.Build.0 = Debug|Any CPU
		{D21EFA6F-0DA2-7AB1-A091-D6281C239B6E}.Release|Any CPU.ActiveCfg = Release|Any CPU
		{D21EFA6F-0DA2-7AB1-A091-D6281C239B6E}.Release|Any CPU.Build.0 = Release|Any CPU
	EndGlobalSection
	GlobalSection(SolutionProperties) = preSolution
		HideSolutionNode = FALSE
	EndGlobalSection
EndGlobal
